
Microsoft Visual Studio Solution File, Format Version 12.00
# Visual Studio Version 16
VisualStudioVersion = 16.0.31613.86
MinimumVisualStudioVersion = 10.0.40219.1
Project("{FAE04EC0-301F-11D3-BF4B-00C04F79EFBC}") = "Maze2", "Maze2\Maze2.csproj", "{0C8BE8CC-404D-41FA-A9AB-1D28CCE4F83E}"
EndProject
Global
	GlobalSection(SolutionConfigurationPlatforms) = preSolution
		Debug|Any CPU = Debug|Any CPU
		Release|Any CPU = Release|Any CPU
	EndGlobalSection
	GlobalSection(ProjectConfigurationPlatforms) = postSolution
		{0C8BE8CC-404D-41FA-A9AB-1D28CCE4F83E}.Debug|Any CPU.ActiveCfg = Debug|Any CPU
		{0C8BE8CC-404D-41FA-A9AB-1D28CCE4F83E}.Debug|Any CPU.Build.0 = Debug|Any CPU
		{0C8BE8CC-404D-41FA-A9AB-1D28CCE4F83E}.Release|Any CPU.ActiveCfg = Release|Any CPU
		{0C8BE8CC-404D-41FA-A9AB-1D28CCE4F83E}.Release|Any CPU.Build.0 = Release|Any CPU
	EndGlobalSection
	GlobalSection(SolutionProperties) = preSolution
		HideSolutionNode = FALSE
	EndGlobalSection
	GlobalSection(ExtensibilityGlobals) = postSolution
		SolutionGuid = {4B9B49A6-9225-4071-8372-1FDAD7EA8F59}
	EndGlobalSection
EndGlobal
